
Microsoft Visual Studio Solution File, Format Version 12.00
# Visual Studio Version 16
VisualStudioVersion = 16.0.30309.148
MinimumVisualStudioVersion = 10.0.40219.1
Project("{FAE04EC0-301F-11D3-BF4B-00C04F79EFBC}") = "Deliverevive", "Deliverevive\Deliverevive.csproj", "{4BE07B31-CCB4-46C3-A531-94D7525E934C}"
EndProject
Global
	GlobalSection(SolutionConfigurationPlatforms) = preSolution
		Debug|Any CPU = Debug|Any CPU
		Release|Any CPU = Release|Any CPU
	EndGlobalSection
	GlobalSection(ProjectConfigurationPlatforms) = postSolution
		{4BE07B31-CCB4-46C3-A531-94D7525E934C}.Debug|Any CPU.ActiveCfg = Debug|Any CPU
		{4BE07B31-CCB4-46C3-A531-94D7525E934C}.Debug|Any CPU.Build.0 = Debug|Any CPU
		{4BE07B31-CCB4-46C3-A531-94D7525E934C}.Release|Any CPU.ActiveCfg = Release|Any CPU
		{4BE07B31-CCB4-46C3-A531-94D7525E934C}.Release|Any CPU.Build.0 = Release|Any CPU
	EndGlobalSection
	GlobalSection(SolutionProperties) = preSolution
		HideSolutionNode = FALSE
	EndGlobalSection
	GlobalSection(ExtensibilityGlobals) = postSolution
		SolutionGuid = {D03667F0-9A01-4951-9492-2C666C06C03C}
	EndGlobalSection
EndGlobal
